{
  "nodes": {
    "arduino-library-index": {
      "flake": false,
      "locked": {
        "lastModified": 1671543140,
        "narHash": "sha256-ON8Kk8AUAlyu39DSCL+L/V2yInOD72TgYpZC/HETunw=",
        "owner": "bouk",
        "repo": "arduino-indexes",
        "rev": "389f50e886065a9803008d1cdd19cd742c8d3703",
        "type": "github"
      },
      "original": {
        "owner": "bouk",
        "ref": "library_index",
        "repo": "arduino-indexes",
        "type": "github"
      }
    },
    "arduino-nix": {
      "locked": {
        "lastModified": 1701624006,
        "narHash": "sha256-NTjJyhdj4/yaiefO20CZdVUiC7FpmyOv+s93h/uLCFc=",
        "owner": "clerie",
        "repo": "arduino-nix",
        "rev": "fbdd609c0df33f23951293915b17f81ba2516742",
        "type": "github"
      },
      "original": {
        "owner": "clerie",
        "ref": "clerie/arduino-env",
        "repo": "arduino-nix",
        "type": "github"
      }
    },
    "arduino-package-index": {
      "flake": false,
      "locked": {
        "lastModified": 1671543072,
        "narHash": "sha256-Bp92fozLAQmbWubdH/A+aGol+J7Uqu+agSHa3PrDoHk=",
        "owner": "bouk",
        "repo": "arduino-indexes",
        "rev": "d469b192a6d43c361718e8da0ed70347074e0da8",
        "type": "github"
      },
      "original": {
        "owner": "bouk",
        "ref": "package_index",
        "repo": "arduino-indexes",
        "type": "github"
      }
    },
    "flake-utils": {
      "inputs": {
        "systems": "systems"
      },
      "locked": {
        "lastModified": 1701680307,
        "narHash": "sha256-kAuep2h5ajznlPMD9rnQyffWG8EM/C73lejGofXvdM8=",
        "owner": "numtide",
        "repo": "flake-utils",
        "rev": "4022d587cbbfd70fe950c1e2083a02621806a725",
        "type": "github"
      },
      "original": {
        "owner": "numtide",
        "repo": "flake-utils",
        "type": "github"
      }
    },
    "nixpkgs": {
      "locked": {
        "lastModified": 1704161960,
        "narHash": "sha256-QGua89Pmq+FBAro8NriTuoO/wNaUtugt29/qqA8zeeM=",
        "owner": "NixOS",
        "repo": "nixpkgs",
        "rev": "63143ac2c9186be6d9da6035fa22620018c85932",
        "type": "github"
      },
      "original": {
        "owner": "NixOS",
        "ref": "nixpkgs-unstable",
        "repo": "nixpkgs",
        "type": "github"
      }
    },
    "root": {
      "inputs": {
        "arduino-library-index": "arduino-library-index",
        "arduino-nix": "arduino-nix",
        "arduino-package-index": "arduino-package-index",
        "flake-utils": "flake-utils",
        "nixpkgs": "nixpkgs"
      }
    },
    "systems": {
      "locked": {
        "lastModified": 1681028828,
        "narHash": "sha256-Vy1rq5AaRuLzOxct8nz4T6wlgyUR7zLU309k9mBC768=",
        "owner": "nix-systems",
        "repo": "default",
        "rev": "da67096a3b9bf56a91d16901293e51ba5b49a27e",
        "type": "github"
      },
      "original": {
        "owner": "nix-systems",
        "repo": "default",
        "type": "github"
      }
    }
  },
  "root": "root",
  "version": 7
}
